
Microsoft Visual Studio Solution File, Format Version 12.00
# Visual Studio Version 18
VisualStudioVersion = 18.1.11312.151 d18.0
MinimumVisualStudioVersion = 10.0.40219.1
Project("{FAE04EC0-301F-11D3-BF4B-00C04F79EFBC}") = "ContactsDB", "ContactsDB.csproj", "{BB0C1A07-F96D-409C-9759-7CBF2B1C7690}"
EndProject
Global
	GlobalSection(SolutionConfigurationPlatforms) = preSolution
		Debug|Any CPU = Debug|Any CPU
		Release|Any CPU = Release|Any CPU
	EndGlobalSection
	GlobalSection(ProjectConfigurationPlatforms) = postSolution
		{BB0C1A07-F96D-409C-9759-7CBF2B1C7690}.Debug|Any CPU.ActiveCfg = Debug|Any CPU
		{BB0C1A07-F96D-409C-9759-7CBF2B1C7690}.Debug|Any CPU.Build.0 = Debug|Any CPU
		{BB0C1A07-F96D-409C-9759-7CBF2B1C7690}.Release|Any CPU.ActiveCfg = Release|Any CPU
		{BB0C1A07-F96D-409C-9759-7CBF2B1C7690}.Release|Any CPU.Build.0 = Release|Any CPU
	EndGlobalSection
	GlobalSection(SolutionProperties) = preSolution
		HideSolutionNode = FALSE
	EndGlobalSection
	GlobalSection(ExtensibilityGlobals) = postSolution
		SolutionGuid = {36FA8C74-8623-4A1F-9DE5-5B2BD58BED2F}
	EndGlobalSection
EndGlobal
